
Microsoft Visual Studio Solution File, Format Version 12.00
# Visual Studio Version 17
VisualStudioVersion = 17.0.32014.148
MinimumVisualStudioVersion = 10.0.40219.1
Project("{FAE04EC0-301F-11D3-BF4B-00C04F79EFBC}") = "AdventureWorksAPI", "AdventureWorksAPI\AdventureWorksAPI.csproj", "{94B39320-988C-420D-B3A8-26CC17CA596D}"
EndProject
Global
	GlobalSection(SolutionConfigurationPlatforms) = preSolution
		Debug|Any CPU = Debug|Any CPU
		Release|Any CPU = Release|Any CPU
	EndGlobalSection
	GlobalSection(ProjectConfigurationPlatforms) = postSolution
		{94B39320-988C-420D-B3A8-26CC17CA596D}.Debug|Any CPU.ActiveCfg = Debug|Any CPU
		{94B39320-988C-420D-B3A8-26CC17CA596D}.Debug|Any CPU.Build.0 = Debug|Any CPU
		{94B39320-988C-420D-B3A8-26CC17CA596D}.Release|Any CPU.ActiveCfg = Release|Any CPU
		{94B39320-988C-420D-B3A8-26CC17CA596D}.Release|Any CPU.Build.0 = Release|Any CPU
	EndGlobalSection
	GlobalSection(SolutionProperties) = preSolution
		HideSolutionNode = FALSE
	EndGlobalSection
	GlobalSection(ExtensibilityGlobals) = postSolution
		SolutionGuid = {0D09114A-8D6B-4258-BCB8-FB62429137F2}
	EndGlobalSection
EndGlobal
